
Microsoft Visual Studio Solution File, Format Version 12.00
# Visual Studio Version 16
VisualStudioVersion = 16.0.29519.87
MinimumVisualStudioVersion = 10.0.40219.1
Project("{6EC3EE1D-3C4E-46DD-8F32-0CC8E7565705}") = "KrestiaVortilo", "KrestiaVortilo\KrestiaVortilo.fsproj", "{FE95C76F-4B35-4FD7-BAB4-7841C4B0208B}"
EndProject
Project("{2150E333-8FDC-42A3-9474-1A3956D46DE8}") = "Solution Items", "Solution Items", "{80C4D0A9-5ADA-450A-BADB-58E9DE07386A}"
	ProjectSection(SolutionItems) = preProject
		.gitignore = .gitignore
		.github\workflows\dotnetcore.yml = .github\workflows\dotnetcore.yml
	EndProjectSection
EndProject
Project("{6EC3EE1D-3C4E-46DD-8F32-0CC8E7565705}") = "KrestiaVortilo.Testo", "KrestiaVortilo.Testo\KrestiaVortilo.Testo.fsproj", "{51A4B98B-C381-4D26-8974-30BCDA505A2F}"
EndProject
Project("{778DAE3C-4631-46EA-AA77-85C1314464D9}") = "KrestiaInterfaco", "KrestiaInterfaco\KrestiaInterfaco.vbproj", "{958DDF24-7A90-421B-8BBE-6233DCF643F9}"
EndProject
Project("{778DAE3C-4631-46EA-AA77-85C1314464D9}") = "KrestiaInterfaco.Testo", "KrestiaInterfaco.Testo\KrestiaInterfaco.Testo.vbproj", "{F462D333-2B7A-48E7-A085-BE35F280522F}"
EndProject
Project("{FAE04EC0-301F-11D3-BF4B-00C04F79EFBC}") = "KrestiaVortaro", "KrestiaVortaro\KrestiaVortaro.csproj", "{698602D2-94C8-4504-9101-FC7C759BAEB1}"
EndProject
Global
	GlobalSection(SolutionConfigurationPlatforms) = preSolution
		Debug|Any CPU = Debug|Any CPU
		Debug|ARM = Debug|ARM
		Debug|ARM64 = Debug|ARM64
		Debug|x64 = Debug|x64
		Debug|x86 = Debug|x86
		Release|Any CPU = Release|Any CPU
		Release|ARM = Release|ARM
		Release|ARM64 = Release|ARM64
		Release|x64 = Release|x64
		Release|x86 = Release|x86
	EndGlobalSection
	GlobalSection(ProjectConfigurationPlatforms) = postSolution
		{FE95C76F-4B35-4FD7-BAB4-7841C4B0208B}.Debug|Any CPU.ActiveCfg = Debug|Any CPU
		{FE95C76F-4B35-4FD7-BAB4-7841C4B0208B}.Debug|Any CPU.Build.0 = Debug|Any CPU
		{FE95C76F-4B35-4FD7-BAB4-7841C4B0208B}.Debug|ARM.ActiveCfg = Debug|Any CPU
		{FE95C76F-4B35-4FD7-BAB4-7841C4B0208B}.Debug|ARM.Build.0 = Debug|Any CPU
		{FE95C76F-4B35-4FD7-BAB4-7841C4B0208B}.Debug|ARM64.ActiveCfg = Debug|Any CPU
		{FE95C76F-4B35-4FD7-BAB4-7841C4B0208B}.Debug|ARM64.Build.0 = Debug|Any CPU
		{FE95C76F-4B35-4FD7-BAB4-7841C4B0208B}.Debug|x64.ActiveCfg = Debug|Any CPU
		{FE95C76F-4B35-4FD7-BAB4-7841C4B0208B}.Debug|x64.Build.0 = Debug|Any CPU
		{FE95C76F-4B35-4FD7-BAB4-7841C4B0208B}.Debug|x86.ActiveCfg = Debug|Any CPU
		{FE95C76F-4B35-4FD7-BAB4-7841C4B0208B}.Debug|x86.Build.0 = Debug|Any CPU
		{FE95C76F-4B35-4FD7-BAB4-7841C4B0208B}.Release|Any CPU.ActiveCfg = Release|Any CPU
		{FE95C76F-4B35-4FD7-BAB4-7841C4B0208B}.Release|Any CPU.Build.0 = Release|Any CPU
		{FE95C76F-4B35-4FD7-BAB4-7841C4B0208B}.Release|ARM.ActiveCfg = Release|Any CPU
		{FE95C76F-4B35-4FD7-BAB4-7841C4B0208B}.Release|ARM.Build.0 = Release|Any CPU
		{FE95C76F-4B35-4FD7-BAB4-7841C4B0208B}.Release|ARM64.ActiveCfg = Release|Any CPU
		{FE95C76F-4B35-4FD7-BAB4-7841C4B0208B}.Release|ARM64.Build.0 = Release|Any CPU
		{FE95C76F-4B35-4FD7-BAB4-7841C4B0208B}.Release|x64.ActiveCfg = Release|Any CPU
		{FE95C76F-4B35-4FD7-BAB4-7841C4B0208B}.Release|x64.Build.0 = Release|Any CPU
		{FE95C76F-4B35-4FD7-BAB4-7841C4B0208B}.Release|x86.ActiveCfg = Release|Any CPU
		{FE95C76F-4B35-4FD7-BAB4-7841C4B0208B}.Release|x86.Build.0 = Release|Any CPU
		{51A4B98B-C381-4D26-8974-30BCDA505A2F}.Debug|Any CPU.ActiveCfg = Debug|Any CPU
		{51A4B98B-C381-4D26-8974-30BCDA505A2F}.Debug|Any CPU.Build.0 = Debug|Any CPU
		{51A4B98B-C381-4D26-8974-30BCDA505A2F}.Debug|ARM.ActiveCfg = Debug|Any CPU
		{51A4B98B-C381-4D26-8974-30BCDA505A2F}.Debug|ARM.Build.0 = Debug|Any CPU
		{51A4B98B-C381-4D26-8974-30BCDA505A2F}.Debug|ARM64.ActiveCfg = Debug|Any CPU
		{51A4B98B-C381-4D26-8974-30BCDA505A2F}.Debug|ARM64.Build.0 = Debug|Any CPU
		{51A4B98B-C381-4D26-8974-30BCDA505A2F}.Debug|x64.ActiveCfg = Debug|Any CPU
		{51A4B98B-C381-4D26-8974-30BCDA505A2F}.Debug|x64.Build.0 = Debug|Any CPU
		{51A4B98B-C381-4D26-8974-30BCDA505A2F}.Debug|x86.ActiveCfg = Debug|Any CPU
		{51A4B98B-C381-4D26-8974-30BCDA505A2F}.Debug|x86.Build.0 = Debug|Any CPU
		{51A4B98B-C381-4D26-8974-30BCDA505A2F}.Release|Any CPU.ActiveCfg = Release|Any CPU
		{51A4B98B-C381-4D26-8974-30BCDA505A2F}.Release|Any CPU.Build.0 = Release|Any CPU
		{51A4B98B-C381-4D26-8974-30BCDA505A2F}.Release|ARM.ActiveCfg = Release|Any CPU
		{51A4B98B-C381-4D26-8974-30BCDA505A2F}.Release|ARM.Build.0 = Release|Any CPU
		{51A4B98B-C381-4D26-8974-30BCDA505A2F}.Release|ARM64.ActiveCfg = Release|Any CPU
		{51A4B98B-C381-4D26-8974-30BCDA505A2F}.Release|ARM64.Build.0 = Release|Any CPU
		{51A4B98B-C381-4D26-8974-30BCDA505A2F}.Release|x64.ActiveCfg = Release|Any CPU
		{51A4B98B-C381-4D26-8974-30BCDA505A2F}.Release|x64.Build.0 = Release|Any CPU
		{51A4B98B-C381-4D26-8974-30BCDA505A2F}.Release|x86.ActiveCfg = Release|Any CPU
		{51A4B98B-C381-4D26-8974-30BCDA505A2F}.Release|x86.Build.0 = Release|Any CPU
		{958DDF24-7A90-421B-8BBE-6233DCF643F9}.Debug|Any CPU.ActiveCfg = Debug|Any CPU
		{958DDF24-7A90-421B-8BBE-6233DCF643F9}.Debug|Any CPU.Build.0 = Debug|Any CPU
		{958DDF24-7A90-421B-8BBE-6233DCF643F9}.Debug|ARM.ActiveCfg = Debug|Any CPU
		{958DDF24-7A90-421B-8BBE-6233DCF643F9}.Debug|ARM.Build.0 = Debug|Any CPU
		{958DDF24-7A90-421B-8BBE-6233DCF643F9}.Debug|ARM64.ActiveCfg = Debug|Any CPU
		{958DDF24-7A90-421B-8BBE-6233DCF643F9}.Debug|ARM64.Build.0 = Debug|Any CPU
		{958DDF24-7A90-421B-8BBE-6233DCF643F9}.Debug|x64.ActiveCfg = Debug|Any CPU
		{958DDF24-7A90-421B-8BBE-6233DCF643F9}.Debug|x64.Build.0 = Debug|Any CPU
		{958DDF24-7A90-421B-8BBE-6233DCF643F9}.Debug|x86.ActiveCfg = Debug|Any CPU
		{958DDF24-7A90-421B-8BBE-6233DCF643F9}.Debug|x86.Build.0 = Debug|Any CPU
		{958DDF24-7A90-421B-8BBE-6233DCF643F9}.Release|Any CPU.ActiveCfg = Release|Any CPU
		{958DDF24-7A90-421B-8BBE-6233DCF643F9}.Release|Any CPU.Build.0 = Release|Any CPU
		{958DDF24-7A90-421B-8BBE-6233DCF643F9}.Release|ARM.ActiveCfg = Release|Any CPU
		{958DDF24-7A90-421B-8BBE-6233DCF643F9}.Release|ARM.Build.0 = Release|Any CPU
		{958DDF24-7A90-421B-8BBE-6233DCF643F9}.Release|ARM64.ActiveCfg = Release|Any CPU
		{958DDF24-7A90-421B-8BBE-6233DCF643F9}.Release|ARM64.Build.0 = Release|Any CPU
		{958DDF24-7A90-421B-8BBE-6233DCF643F9}.Release|x64.ActiveCfg = Release|Any CPU
		{958DDF24-7A90-421B-8BBE-6233DCF643F9}.Release|x64.Build.0 = Release|Any CPU
		{958DDF24-7A90-421B-8BBE-6233DCF643F9}.Release|x86.ActiveCfg = Release|Any CPU
		{958DDF24-7A90-421B-8BBE-6233DCF643F9}.Release|x86.Build.0 = Release|Any CPU
		{F462D333-2B7A-48E7-A085-BE35F280522F}.Debug|Any CPU.ActiveCfg = Debug|Any CPU
		{F462D333-2B7A-48E7-A085-BE35F280522F}.Debug|Any CPU.Build.0 = Debug|Any CPU
		{F462D333-2B7A-48E7-A085-BE35F280522F}.Debug|ARM.ActiveCfg = Debug|Any CPU
		{F462D333-2B7A-48E7-A085-BE35F280522F}.Debug|ARM.Build.0 = Debug|Any CPU
		{F462D333-2B7A-48E7-A085-BE35F280522F}.Debug|ARM64.ActiveCfg = Debug|Any CPU
		{F462D333-2B7A-48E7-A085-BE35F280522F}.Debug|ARM64.Build.0 = Debug|Any CPU
		{F462D333-2B7A-48E7-A085-BE35F280522F}.Debug|x64.ActiveCfg = Debug|Any CPU
		{F462D333-2B7A-48E7-A085-BE35F280522F}.Debug|x64.Build.0 = Debug|Any CPU
		{F462D333-2B7A-48E7-A085-BE35F280522F}.Debug|x86.ActiveCfg = Debug|Any CPU
		{F462D333-2B7A-48E7-A085-BE35F280522F}.Debug|x86.Build.0 = Debug|Any CPU
		{F462D333-2B7A-48E7-A085-BE35F280522F}.Release|Any CPU.ActiveCfg = Release|Any CPU
		{F462D333-2B7A-48E7-A085-BE35F280522F}.Release|Any CPU.Build.0 = Release|Any CPU
		{F462D333-2B7A-48E7-A085-BE35F280522F}.Release|ARM.ActiveCfg = Release|Any CPU
		{F462D333-2B7A-48E7-A085-BE35F280522F}.Release|ARM.Build.0 = Release|Any CPU
		{F462D333-2B7A-48E7-A085-BE35F280522F}.Release|ARM64.ActiveCfg = Release|Any CPU
		{F462D333-2B7A-48E7-A085-BE35F280522F}.Release|ARM64.Build.0 = Release|Any CPU
		{F462D333-2B7A-48E7-A085-BE35F280522F}.Release|x64.ActiveCfg = Release|Any CPU
		{F462D333-2B7A-48E7-A085-BE35F280522F}.Release|x64.Build.0 = Release|Any CPU
		{F462D333-2B7A-48E7-A085-BE35F280522F}.Release|x86.ActiveCfg = Release|Any CPU
		{F462D333-2B7A-48E7-A085-BE35F280522F}.Release|x86.Build.0 = Release|Any CPU
		{698602D2-94C8-4504-9101-FC7C759BAEB1}.Debug|Any CPU.ActiveCfg = Debug|x86
		{698602D2-94C8-4504-9101-FC7C759BAEB1}.Debug|ARM.ActiveCfg = Debug|ARM
		{698602D2-94C8-4504-9101-FC7C759BAEB1}.Debug|ARM.Build.0 = Debug|ARM
		{698602D2-94C8-4504-9101-FC7C759BAEB1}.Debug|ARM.Deploy.0 = Debug|ARM
		{698602D2-94C8-4504-9101-FC7C759BAEB1}.Debug|ARM64.ActiveCfg = Debug|ARM64
		{698602D2-94C8-4504-9101-FC7C759BAEB1}.Debug|ARM64.Build.0 = Debug|ARM64
		{698602D2-94C8-4504-9101-FC7C759BAEB1}.Debug|ARM64.Deploy.0 = Debug|ARM64
		{698602D2-94C8-4504-9101-FC7C759BAEB1}.Debug|x64.ActiveCfg = Debug|x64
		{698602D2-94C8-4504-9101-FC7C759BAEB1}.Debug|x64.Build.0 = Debug|x64
		{698602D2-94C8-4504-9101-FC7C759BAEB1}.Debug|x64.Deploy.0 = Debug|x64
		{698602D2-94C8-4504-9101-FC7C759BAEB1}.Debug|x86.ActiveCfg = Debug|x86
		{698602D2-94C8-4504-9101-FC7C759BAEB1}.Debug|x86.Build.0 = Debug|x86
		{698602D2-94C8-4504-9101-FC7C759BAEB1}.Debug|x86.Deploy.0 = Debug|x86
		{698602D2-94C8-4504-9101-FC7C759BAEB1}.Release|Any CPU.ActiveCfg = Release|x86
		{698602D2-94C8-4504-9101-FC7C759BAEB1}.Release|ARM.ActiveCfg = Release|ARM
		{698602D2-94C8-4504-9101-FC7C759BAEB1}.Release|ARM.Build.0 = Release|ARM
		{698602D2-94C8-4504-9101-FC7C759BAEB1}.Release|ARM.Deploy.0 = Release|ARM
		{698602D2-94C8-4504-9101-FC7C759BAEB1}.Release|ARM64.ActiveCfg = Release|ARM64
		{698602D2-94C8-4504-9101-FC7C759BAEB1}.Release|ARM64.Build.0 = Release|ARM64
		{698602D2-94C8-4504-9101-FC7C759BAEB1}.Release|ARM64.Deploy.0 = Release|ARM64
		{698602D2-94C8-4504-9101-FC7C759BAEB1}.Release|x64.ActiveCfg = Release|x64
		{698602D2-94C8-4504-9101-FC7C759BAEB1}.Release|x64.Build.0 = Release|x64
		{698602D2-94C8-4504-9101-FC7C759BAEB1}.Release|x64.Deploy.0 = Release|x64
		{698602D2-94C8-4504-9101-FC7C759BAEB1}.Release|x86.ActiveCfg = Release|x86
		{698602D2-94C8-4504-9101-FC7C759BAEB1}.Release|x86.Build.0 = Release|x86
		{698602D2-94C8-4504-9101-FC7C759BAEB1}.Release|x86.Deploy.0 = Release|x86
	EndGlobalSection
	GlobalSection(SolutionProperties) = preSolution
		HideSolutionNode = FALSE
	EndGlobalSection
	GlobalSection(ExtensibilityGlobals) = postSolution
		SolutionGuid = {12F38E07-97D1-488E-A5B8-47ED26C1DC5E}
	EndGlobalSection
EndGlobal
