
Microsoft Visual Studio Solution File, Format Version 12.00
# Visual Studio Version 16
VisualStudioVersion = 16.0.29519.87
MinimumVisualStudioVersion = 10.0.40219.1
Project("{6EC3EE1D-3C4E-46DD-8F32-0CC8E7565705}") = "KrestiaVortilo", "KrestiaVortilo\KrestiaVortilo.fsproj", "{FE95C76F-4B35-4FD7-BAB4-7841C4B0208B}"
EndProject
Project("{2150E333-8FDC-42A3-9474-1A3956D46DE8}") = "Solution Items", "Solution Items", "{80C4D0A9-5ADA-450A-BADB-58E9DE07386A}"
	ProjectSection(SolutionItems) = preProject
		.gitignore = .gitignore
		.github\workflows\dotnetcore.yml = .github\workflows\dotnetcore.yml
	EndProjectSection
EndProject
Project("{6EC3EE1D-3C4E-46DD-8F32-0CC8E7565705}") = "KrestiaVortilo.Testo", "KrestiaVortilo.Testo\KrestiaVortilo.Testo.fsproj", "{51A4B98B-C381-4D26-8974-30BCDA505A2F}"
EndProject
Project("{F184B08F-C81C-45F6-A57F-5ABD9991F28F}") = "KrestiaInterfaco", "KrestiaInterfaco\KrestiaInterfaco.vbproj", "{958DDF24-7A90-421B-8BBE-6233DCF643F9}"
EndProject
Project("{F184B08F-C81C-45F6-A57F-5ABD9991F28F}") = "KrestiaInterfaco.Testo", "KrestiaInterfaco.Testo\KrestiaInterfaco.Testo.vbproj", "{F462D333-2B7A-48E7-A085-BE35F280522F}"
EndProject
Global
	GlobalSection(SolutionConfigurationPlatforms) = preSolution
		Debug|Any CPU = Debug|Any CPU
		Release|Any CPU = Release|Any CPU
	EndGlobalSection
	GlobalSection(ProjectConfigurationPlatforms) = postSolution
		{FE95C76F-4B35-4FD7-BAB4-7841C4B0208B}.Debug|Any CPU.ActiveCfg = Debug|Any CPU
		{FE95C76F-4B35-4FD7-BAB4-7841C4B0208B}.Debug|Any CPU.Build.0 = Debug|Any CPU
		{FE95C76F-4B35-4FD7-BAB4-7841C4B0208B}.Release|Any CPU.ActiveCfg = Release|Any CPU
		{FE95C76F-4B35-4FD7-BAB4-7841C4B0208B}.Release|Any CPU.Build.0 = Release|Any CPU
		{51A4B98B-C381-4D26-8974-30BCDA505A2F}.Debug|Any CPU.ActiveCfg = Debug|Any CPU
		{51A4B98B-C381-4D26-8974-30BCDA505A2F}.Debug|Any CPU.Build.0 = Debug|Any CPU
		{51A4B98B-C381-4D26-8974-30BCDA505A2F}.Release|Any CPU.ActiveCfg = Release|Any CPU
		{51A4B98B-C381-4D26-8974-30BCDA505A2F}.Release|Any CPU.Build.0 = Release|Any CPU
		{958DDF24-7A90-421B-8BBE-6233DCF643F9}.Debug|Any CPU.ActiveCfg = Debug|Any CPU
		{958DDF24-7A90-421B-8BBE-6233DCF643F9}.Debug|Any CPU.Build.0 = Debug|Any CPU
		{958DDF24-7A90-421B-8BBE-6233DCF643F9}.Release|Any CPU.ActiveCfg = Release|Any CPU
		{958DDF24-7A90-421B-8BBE-6233DCF643F9}.Release|Any CPU.Build.0 = Release|Any CPU
		{F462D333-2B7A-48E7-A085-BE35F280522F}.Debug|Any CPU.ActiveCfg = Debug|Any CPU
		{F462D333-2B7A-48E7-A085-BE35F280522F}.Debug|Any CPU.Build.0 = Debug|Any CPU
		{F462D333-2B7A-48E7-A085-BE35F280522F}.Release|Any CPU.ActiveCfg = Release|Any CPU
		{F462D333-2B7A-48E7-A085-BE35F280522F}.Release|Any CPU.Build.0 = Release|Any CPU
	EndGlobalSection
	GlobalSection(SolutionProperties) = preSolution
		HideSolutionNode = FALSE
	EndGlobalSection
	GlobalSection(ExtensibilityGlobals) = postSolution
		SolutionGuid = {12F38E07-97D1-488E-A5B8-47ED26C1DC5E}
	EndGlobalSection
EndGlobal
