
Microsoft Visual Studio Solution File, Format Version 12.00
# Visual Studio Version 16
VisualStudioVersion = 16.0.29519.87
MinimumVisualStudioVersion = 10.0.40219.1
Project("{6EC3EE1D-3C4E-46DD-8F32-0CC8E7565705}") = "KrestiaVortilo", "KrestiaVortilo\KrestiaVortilo.fsproj", "{FE95C76F-4B35-4FD7-BAB4-7841C4B0208B}"
EndProject
Project("{2150E333-8FDC-42A3-9474-1A3956D46DE8}") = "Solution Items", "Solution Items", "{80C4D0A9-5ADA-450A-BADB-58E9DE07386A}"
	ProjectSection(SolutionItems) = preProject
		.gitignore = .gitignore
		.github\workflows\dotnetcore.yml = .github\workflows\dotnetcore.yml
	EndProjectSection
EndProject
Project("{6EC3EE1D-3C4E-46DD-8F32-0CC8E7565705}") = "KrestiaVortilo.Testo", "KrestiaVortilo.Testo\KrestiaVortilo.Testo.fsproj", "{51A4B98B-C381-4D26-8974-30BCDA505A2F}"
EndProject
Project("{778DAE3C-4631-46EA-AA77-85C1314464D9}") = "KrestiaVortaro", "KrestiaVortaro\KrestiaVortaro.vbproj", "{0938D884-A06D-4BBB-B108-C40FCD77DC98}"
EndProject
Project("{778DAE3C-4631-46EA-AA77-85C1314464D9}") = "KrestiaVortaro.Testo", "KrestiaVortaro.Testo\KrestiaVortaro.Testo.vbproj", "{0E203697-2B3A-40CB-AE5F-1A19B96ED995}"
EndProject
Project("{FAE04EC0-301F-11D3-BF4B-00C04F79EFBC}") = "KrestiaInterfaco", "KrestiaInterfaco\KrestiaInterfaco.csproj", "{A90EE40D-D080-4C55-9943-77558087AFAB}"
EndProject
Global
	GlobalSection(SolutionConfigurationPlatforms) = preSolution
		Debug|Any CPU = Debug|Any CPU
		Debug|ARM = Debug|ARM
		Debug|ARM64 = Debug|ARM64
		Debug|x64 = Debug|x64
		Debug|x86 = Debug|x86
		Release|Any CPU = Release|Any CPU
		Release|ARM = Release|ARM
		Release|ARM64 = Release|ARM64
		Release|x64 = Release|x64
		Release|x86 = Release|x86
	EndGlobalSection
	GlobalSection(ProjectConfigurationPlatforms) = postSolution
		{FE95C76F-4B35-4FD7-BAB4-7841C4B0208B}.Debug|Any CPU.ActiveCfg = Debug|Any CPU
		{FE95C76F-4B35-4FD7-BAB4-7841C4B0208B}.Debug|Any CPU.Build.0 = Debug|Any CPU
		{FE95C76F-4B35-4FD7-BAB4-7841C4B0208B}.Debug|ARM.ActiveCfg = Debug|Any CPU
		{FE95C76F-4B35-4FD7-BAB4-7841C4B0208B}.Debug|ARM.Build.0 = Debug|Any CPU
		{FE95C76F-4B35-4FD7-BAB4-7841C4B0208B}.Debug|ARM64.ActiveCfg = Debug|Any CPU
		{FE95C76F-4B35-4FD7-BAB4-7841C4B0208B}.Debug|ARM64.Build.0 = Debug|Any CPU
		{FE95C76F-4B35-4FD7-BAB4-7841C4B0208B}.Debug|x64.ActiveCfg = Debug|Any CPU
		{FE95C76F-4B35-4FD7-BAB4-7841C4B0208B}.Debug|x64.Build.0 = Debug|Any CPU
		{FE95C76F-4B35-4FD7-BAB4-7841C4B0208B}.Debug|x86.ActiveCfg = Debug|Any CPU
		{FE95C76F-4B35-4FD7-BAB4-7841C4B0208B}.Debug|x86.Build.0 = Debug|Any CPU
		{FE95C76F-4B35-4FD7-BAB4-7841C4B0208B}.Release|Any CPU.ActiveCfg = Release|Any CPU
		{FE95C76F-4B35-4FD7-BAB4-7841C4B0208B}.Release|Any CPU.Build.0 = Release|Any CPU
		{FE95C76F-4B35-4FD7-BAB4-7841C4B0208B}.Release|ARM.ActiveCfg = Release|Any CPU
		{FE95C76F-4B35-4FD7-BAB4-7841C4B0208B}.Release|ARM.Build.0 = Release|Any CPU
		{FE95C76F-4B35-4FD7-BAB4-7841C4B0208B}.Release|ARM64.ActiveCfg = Release|Any CPU
		{FE95C76F-4B35-4FD7-BAB4-7841C4B0208B}.Release|ARM64.Build.0 = Release|Any CPU
		{FE95C76F-4B35-4FD7-BAB4-7841C4B0208B}.Release|x64.ActiveCfg = Release|Any CPU
		{FE95C76F-4B35-4FD7-BAB4-7841C4B0208B}.Release|x64.Build.0 = Release|Any CPU
		{FE95C76F-4B35-4FD7-BAB4-7841C4B0208B}.Release|x86.ActiveCfg = Release|Any CPU
		{FE95C76F-4B35-4FD7-BAB4-7841C4B0208B}.Release|x86.Build.0 = Release|Any CPU
		{51A4B98B-C381-4D26-8974-30BCDA505A2F}.Debug|Any CPU.ActiveCfg = Debug|Any CPU
		{51A4B98B-C381-4D26-8974-30BCDA505A2F}.Debug|Any CPU.Build.0 = Debug|Any CPU
		{51A4B98B-C381-4D26-8974-30BCDA505A2F}.Debug|ARM.ActiveCfg = Debug|Any CPU
		{51A4B98B-C381-4D26-8974-30BCDA505A2F}.Debug|ARM.Build.0 = Debug|Any CPU
		{51A4B98B-C381-4D26-8974-30BCDA505A2F}.Debug|ARM64.ActiveCfg = Debug|Any CPU
		{51A4B98B-C381-4D26-8974-30BCDA505A2F}.Debug|ARM64.Build.0 = Debug|Any CPU
		{51A4B98B-C381-4D26-8974-30BCDA505A2F}.Debug|x64.ActiveCfg = Debug|Any CPU
		{51A4B98B-C381-4D26-8974-30BCDA505A2F}.Debug|x64.Build.0 = Debug|Any CPU
		{51A4B98B-C381-4D26-8974-30BCDA505A2F}.Debug|x86.ActiveCfg = Debug|Any CPU
		{51A4B98B-C381-4D26-8974-30BCDA505A2F}.Debug|x86.Build.0 = Debug|Any CPU
		{51A4B98B-C381-4D26-8974-30BCDA505A2F}.Release|Any CPU.ActiveCfg = Release|Any CPU
		{51A4B98B-C381-4D26-8974-30BCDA505A2F}.Release|Any CPU.Build.0 = Release|Any CPU
		{51A4B98B-C381-4D26-8974-30BCDA505A2F}.Release|ARM.ActiveCfg = Release|Any CPU
		{51A4B98B-C381-4D26-8974-30BCDA505A2F}.Release|ARM.Build.0 = Release|Any CPU
		{51A4B98B-C381-4D26-8974-30BCDA505A2F}.Release|ARM64.ActiveCfg = Release|Any CPU
		{51A4B98B-C381-4D26-8974-30BCDA505A2F}.Release|ARM64.Build.0 = Release|Any CPU
		{51A4B98B-C381-4D26-8974-30BCDA505A2F}.Release|x64.ActiveCfg = Release|Any CPU
		{51A4B98B-C381-4D26-8974-30BCDA505A2F}.Release|x64.Build.0 = Release|Any CPU
		{51A4B98B-C381-4D26-8974-30BCDA505A2F}.Release|x86.ActiveCfg = Release|Any CPU
		{51A4B98B-C381-4D26-8974-30BCDA505A2F}.Release|x86.Build.0 = Release|Any CPU
		{0938D884-A06D-4BBB-B108-C40FCD77DC98}.Debug|Any CPU.ActiveCfg = Debug|Any CPU
		{0938D884-A06D-4BBB-B108-C40FCD77DC98}.Debug|Any CPU.Build.0 = Debug|Any CPU
		{0938D884-A06D-4BBB-B108-C40FCD77DC98}.Debug|ARM.ActiveCfg = Debug|Any CPU
		{0938D884-A06D-4BBB-B108-C40FCD77DC98}.Debug|ARM.Build.0 = Debug|Any CPU
		{0938D884-A06D-4BBB-B108-C40FCD77DC98}.Debug|ARM64.ActiveCfg = Debug|Any CPU
		{0938D884-A06D-4BBB-B108-C40FCD77DC98}.Debug|ARM64.Build.0 = Debug|Any CPU
		{0938D884-A06D-4BBB-B108-C40FCD77DC98}.Debug|x64.ActiveCfg = Debug|Any CPU
		{0938D884-A06D-4BBB-B108-C40FCD77DC98}.Debug|x64.Build.0 = Debug|Any CPU
		{0938D884-A06D-4BBB-B108-C40FCD77DC98}.Debug|x86.ActiveCfg = Debug|Any CPU
		{0938D884-A06D-4BBB-B108-C40FCD77DC98}.Debug|x86.Build.0 = Debug|Any CPU
		{0938D884-A06D-4BBB-B108-C40FCD77DC98}.Release|Any CPU.ActiveCfg = Release|Any CPU
		{0938D884-A06D-4BBB-B108-C40FCD77DC98}.Release|Any CPU.Build.0 = Release|Any CPU
		{0938D884-A06D-4BBB-B108-C40FCD77DC98}.Release|ARM.ActiveCfg = Release|Any CPU
		{0938D884-A06D-4BBB-B108-C40FCD77DC98}.Release|ARM.Build.0 = Release|Any CPU
		{0938D884-A06D-4BBB-B108-C40FCD77DC98}.Release|ARM64.ActiveCfg = Release|Any CPU
		{0938D884-A06D-4BBB-B108-C40FCD77DC98}.Release|ARM64.Build.0 = Release|Any CPU
		{0938D884-A06D-4BBB-B108-C40FCD77DC98}.Release|x64.ActiveCfg = Release|Any CPU
		{0938D884-A06D-4BBB-B108-C40FCD77DC98}.Release|x64.Build.0 = Release|Any CPU
		{0938D884-A06D-4BBB-B108-C40FCD77DC98}.Release|x86.ActiveCfg = Release|Any CPU
		{0938D884-A06D-4BBB-B108-C40FCD77DC98}.Release|x86.Build.0 = Release|Any CPU
		{0E203697-2B3A-40CB-AE5F-1A19B96ED995}.Debug|Any CPU.ActiveCfg = Debug|Any CPU
		{0E203697-2B3A-40CB-AE5F-1A19B96ED995}.Debug|Any CPU.Build.0 = Debug|Any CPU
		{0E203697-2B3A-40CB-AE5F-1A19B96ED995}.Debug|ARM.ActiveCfg = Debug|Any CPU
		{0E203697-2B3A-40CB-AE5F-1A19B96ED995}.Debug|ARM.Build.0 = Debug|Any CPU
		{0E203697-2B3A-40CB-AE5F-1A19B96ED995}.Debug|ARM64.ActiveCfg = Debug|Any CPU
		{0E203697-2B3A-40CB-AE5F-1A19B96ED995}.Debug|ARM64.Build.0 = Debug|Any CPU
		{0E203697-2B3A-40CB-AE5F-1A19B96ED995}.Debug|x64.ActiveCfg = Debug|Any CPU
		{0E203697-2B3A-40CB-AE5F-1A19B96ED995}.Debug|x64.Build.0 = Debug|Any CPU
		{0E203697-2B3A-40CB-AE5F-1A19B96ED995}.Debug|x86.ActiveCfg = Debug|Any CPU
		{0E203697-2B3A-40CB-AE5F-1A19B96ED995}.Debug|x86.Build.0 = Debug|Any CPU
		{0E203697-2B3A-40CB-AE5F-1A19B96ED995}.Release|Any CPU.ActiveCfg = Release|Any CPU
		{0E203697-2B3A-40CB-AE5F-1A19B96ED995}.Release|Any CPU.Build.0 = Release|Any CPU
		{0E203697-2B3A-40CB-AE5F-1A19B96ED995}.Release|ARM.ActiveCfg = Release|Any CPU
		{0E203697-2B3A-40CB-AE5F-1A19B96ED995}.Release|ARM.Build.0 = Release|Any CPU
		{0E203697-2B3A-40CB-AE5F-1A19B96ED995}.Release|ARM64.ActiveCfg = Release|Any CPU
		{0E203697-2B3A-40CB-AE5F-1A19B96ED995}.Release|ARM64.Build.0 = Release|Any CPU
		{0E203697-2B3A-40CB-AE5F-1A19B96ED995}.Release|x64.ActiveCfg = Release|Any CPU
		{0E203697-2B3A-40CB-AE5F-1A19B96ED995}.Release|x64.Build.0 = Release|Any CPU
		{0E203697-2B3A-40CB-AE5F-1A19B96ED995}.Release|x86.ActiveCfg = Release|Any CPU
		{0E203697-2B3A-40CB-AE5F-1A19B96ED995}.Release|x86.Build.0 = Release|Any CPU
		{A90EE40D-D080-4C55-9943-77558087AFAB}.Debug|Any CPU.ActiveCfg = Debug|x86
		{A90EE40D-D080-4C55-9943-77558087AFAB}.Debug|ARM.ActiveCfg = Debug|ARM
		{A90EE40D-D080-4C55-9943-77558087AFAB}.Debug|ARM.Build.0 = Debug|ARM
		{A90EE40D-D080-4C55-9943-77558087AFAB}.Debug|ARM.Deploy.0 = Debug|ARM
		{A90EE40D-D080-4C55-9943-77558087AFAB}.Debug|ARM64.ActiveCfg = Debug|ARM64
		{A90EE40D-D080-4C55-9943-77558087AFAB}.Debug|ARM64.Build.0 = Debug|ARM64
		{A90EE40D-D080-4C55-9943-77558087AFAB}.Debug|ARM64.Deploy.0 = Debug|ARM64
		{A90EE40D-D080-4C55-9943-77558087AFAB}.Debug|x64.ActiveCfg = Debug|x64
		{A90EE40D-D080-4C55-9943-77558087AFAB}.Debug|x64.Build.0 = Debug|x64
		{A90EE40D-D080-4C55-9943-77558087AFAB}.Debug|x64.Deploy.0 = Debug|x64
		{A90EE40D-D080-4C55-9943-77558087AFAB}.Debug|x86.ActiveCfg = Debug|x86
		{A90EE40D-D080-4C55-9943-77558087AFAB}.Debug|x86.Build.0 = Debug|x86
		{A90EE40D-D080-4C55-9943-77558087AFAB}.Debug|x86.Deploy.0 = Debug|x86
		{A90EE40D-D080-4C55-9943-77558087AFAB}.Release|Any CPU.ActiveCfg = Release|x86
		{A90EE40D-D080-4C55-9943-77558087AFAB}.Release|ARM.ActiveCfg = Release|ARM
		{A90EE40D-D080-4C55-9943-77558087AFAB}.Release|ARM.Build.0 = Release|ARM
		{A90EE40D-D080-4C55-9943-77558087AFAB}.Release|ARM.Deploy.0 = Release|ARM
		{A90EE40D-D080-4C55-9943-77558087AFAB}.Release|ARM64.ActiveCfg = Release|ARM64
		{A90EE40D-D080-4C55-9943-77558087AFAB}.Release|ARM64.Build.0 = Release|ARM64
		{A90EE40D-D080-4C55-9943-77558087AFAB}.Release|ARM64.Deploy.0 = Release|ARM64
		{A90EE40D-D080-4C55-9943-77558087AFAB}.Release|x64.ActiveCfg = Release|x64
		{A90EE40D-D080-4C55-9943-77558087AFAB}.Release|x64.Build.0 = Release|x64
		{A90EE40D-D080-4C55-9943-77558087AFAB}.Release|x64.Deploy.0 = Release|x64
		{A90EE40D-D080-4C55-9943-77558087AFAB}.Release|x86.ActiveCfg = Release|x86
		{A90EE40D-D080-4C55-9943-77558087AFAB}.Release|x86.Build.0 = Release|x86
		{A90EE40D-D080-4C55-9943-77558087AFAB}.Release|x86.Deploy.0 = Release|x86
	EndGlobalSection
	GlobalSection(SolutionProperties) = preSolution
		HideSolutionNode = FALSE
	EndGlobalSection
	GlobalSection(ExtensibilityGlobals) = postSolution
		SolutionGuid = {12F38E07-97D1-488E-A5B8-47ED26C1DC5E}
	EndGlobalSection
EndGlobal
